
Microsoft Visual Studio Solution File, Format Version 12.00
# Visual Studio Version 17
VisualStudioVersion = 17.5.002.0
MinimumVisualStudioVersion = 10.0.40219.1
Project("{2150E333-8FDC-42A3-9474-1A3956D46DE8}") = "src", "src", "{E4341998-5A0E-46F8-A44F-087841CAF0E2}"
EndProject
Project("{9A19103F-16F7-4668-BE54-9A1E7A4F7556}") = "CompositeValidation", "src\CompositeValidation\CompositeValidation.csproj", "{56245129-82FD-49A9-AB8A-89F7FBF87B70}"
EndProject
Project("{9A19103F-16F7-4668-BE54-9A1E7A4F7556}") = "CompositeValidation.Program", "src\CompositeValidation.Program\CompositeValidation.Program.csproj", "{C81D919A-8D45-4FD4-8D82-BE2634CA0E47}"
EndProject
Global
	GlobalSection(SolutionConfigurationPlatforms) = preSolution
		Debug|Any CPU = Debug|Any CPU
		Release|Any CPU = Release|Any CPU
	EndGlobalSection
	GlobalSection(ProjectConfigurationPlatforms) = postSolution
		{56245129-82FD-49A9-AB8A-89F7FBF87B70}.Debug|Any CPU.ActiveCfg = Debug|Any CPU
		{56245129-82FD-49A9-AB8A-89F7FBF87B70}.Debug|Any CPU.Build.0 = Debug|Any CPU
		{56245129-82FD-49A9-AB8A-89F7FBF87B70}.Release|Any CPU.ActiveCfg = Release|Any CPU
		{56245129-82FD-49A9-AB8A-89F7FBF87B70}.Release|Any CPU.Build.0 = Release|Any CPU
		{C81D919A-8D45-4FD4-8D82-BE2634CA0E47}.Debug|Any CPU.ActiveCfg = Debug|Any CPU
		{C81D919A-8D45-4FD4-8D82-BE2634CA0E47}.Debug|Any CPU.Build.0 = Debug|Any CPU
		{C81D919A-8D45-4FD4-8D82-BE2634CA0E47}.Release|Any CPU.ActiveCfg = Release|Any CPU
		{C81D919A-8D45-4FD4-8D82-BE2634CA0E47}.Release|Any CPU.Build.0 = Release|Any CPU
	EndGlobalSection
	GlobalSection(SolutionProperties) = preSolution
		HideSolutionNode = FALSE
	EndGlobalSection
	GlobalSection(NestedProjects) = preSolution
		{56245129-82FD-49A9-AB8A-89F7FBF87B70} = {E4341998-5A0E-46F8-A44F-087841CAF0E2}
	EndGlobalSection
	GlobalSection(ExtensibilityGlobals) = postSolution
		SolutionGuid = {A466BD73-55B4-450B-A9BE-B881B017A01C}
	EndGlobalSection
EndGlobal
